
Microsoft Visual Studio Solution File, Format Version 12.00
# Visual Studio Version 17
VisualStudioVersion = 17.9.34902.65
MinimumVisualStudioVersion = 10.0.40219.1
Project("{FAE04EC0-301F-11D3-BF4B-00C04F79EFBC}") = "Bai1", "Bai1.csproj", "{B878958C-25EE-480F-A6CB-E78BC15A451E}"
EndProject
Global
	GlobalSection(SolutionConfigurationPlatforms) = preSolution
		Debug|Any CPU = Debug|Any CPU
		Release|Any CPU = Release|Any CPU
	EndGlobalSection
	GlobalSection(ProjectConfigurationPlatforms) = postSolution
		{B878958C-25EE-480F-A6CB-E78BC15A451E}.Debug|Any CPU.ActiveCfg = Debug|Any CPU
		{B878958C-25EE-480F-A6CB-E78BC15A451E}.Debug|Any CPU.Build.0 = Debug|Any CPU
		{B878958C-25EE-480F-A6CB-E78BC15A451E}.Release|Any CPU.ActiveCfg = Release|Any CPU
		{B878958C-25EE-480F-A6CB-E78BC15A451E}.Release|Any CPU.Build.0 = Release|Any CPU
	EndGlobalSection
	GlobalSection(SolutionProperties) = preSolution
		HideSolutionNode = FALSE
	EndGlobalSection
	GlobalSection(ExtensibilityGlobals) = postSolution
		SolutionGuid = {43BD3C5A-B980-4688-A1B1-AF4DD34ED166}
	EndGlobalSection
EndGlobal
